
Microsoft Visual Studio Solution File, Format Version 12.00
# Visual Studio Version 17
VisualStudioVersion = 17.11.35327.3
MinimumVisualStudioVersion = 10.0.40219.1
Project("{FAE04EC0-301F-11D3-BF4B-00C04F79EFBC}") = "Algh_DS-8", "Algh_DS-8.csproj", "{1AF5ACE5-E12F-4FD0-AED1-043F24C84E72}"
EndProject
Global
	GlobalSection(SolutionConfigurationPlatforms) = preSolution
		Debug|Any CPU = Debug|Any CPU
		Release|Any CPU = Release|Any CPU
	EndGlobalSection
	GlobalSection(ProjectConfigurationPlatforms) = postSolution
		{1AF5ACE5-E12F-4FD0-AED1-043F24C84E72}.Debug|Any CPU.ActiveCfg = Debug|Any CPU
		{1AF5ACE5-E12F-4FD0-AED1-043F24C84E72}.Debug|Any CPU.Build.0 = Debug|Any CPU
		{1AF5ACE5-E12F-4FD0-AED1-043F24C84E72}.Release|Any CPU.ActiveCfg = Release|Any CPU
		{1AF5ACE5-E12F-4FD0-AED1-043F24C84E72}.Release|Any CPU.Build.0 = Release|Any CPU
	EndGlobalSection
	GlobalSection(SolutionProperties) = preSolution
		HideSolutionNode = FALSE
	EndGlobalSection
	GlobalSection(ExtensibilityGlobals) = postSolution
		SolutionGuid = {7FA9FB9B-5B5B-499E-864F-142AB68872DE}
	EndGlobalSection
EndGlobal
